{
  "nodes": {
    "nixpkgs": {
      "locked": {
        "lastModified": 1785828668,
        "narHash": "sha256-8fsyqeO+mJqvIzeO4xIpgJe/f7MTbbVTEC6RT6WSXNs=",
        "owner": "nixos",
        "repo": "nixpkgs",
        "rev": "e72e4f299401a3689d4b3d5fc6496b11db7064eb",
        "type": "github"
      },
      "original": {
        "owner": "nixos",
        "ref": "nixos-unstable",
        "repo": "nixpkgs",
        "type": "github"
      }
    },
    "root": {
      "inputs": {
        "nixpkgs": "nixpkgs",
        "template-default": "template-default",
        "template-docker-image": "template-docker-image",
        "template-minimal": "template-minimal"
      }
    },
    "template-default": {
      "inputs": {
        "nixpkgs": [
          "nixpkgs"
        ]
      },
      "locked": {
        "path": "./default",
        "type": "path"
      },
      "original": {
        "path": "./default",
        "type": "path"
      },
      "parent": []
    },
    "template-docker-image": {
      "inputs": {
        "nixpkgs": [
          "nixpkgs"
        ]
      },
      "locked": {
        "path": "./docker-image",
        "type": "path"
      },
      "original": {
        "path": "./docker-image",
        "type": "path"
      },
      "parent": []
    },
    "template-minimal": {
      "inputs": {
        "nixpkgs": [
          "nixpkgs"
        ]
      },
      "locked": {
        "path": "./minimal",
        "type": "path"
      },
      "original": {
        "path": "./minimal",
        "type": "path"
      },
      "parent": []
    }
  },
  "root": "root",
  "version": 7
}
